// !$*UTF8*$!
{
	archiveVersion = 1;
	classes = {
	};
	objectVersion = 56;
	objects = {

/* Begin PBXBuildFile section */
		E25192022A49674300BBE738 /* Models.swift in Sources */ = {isa = PBXBuildFile; fileRef = E25192012A49674300BBE738 /* Models.swift */; };
		E25192042A496A4C00BBE738 /* WelcomeView.swift in Sources */ = {isa = PBXBuildFile; fileRef = E25192032A496A4C00BBE738 /* WelcomeView.swift */; };
		E2CA60012A47E9FF00FFBE01 /* OnlySelfFansApp.swift in Sources */ = {isa = PBXBuildFile; fileRef = E2CA60002A47E9FF00FFBE01 /* OnlySelfFansApp.swift */; };
		E2CA60032A47E9FF00FFBE01 /* ContentView.swift in Sources */ = {isa = PBXBuildFile; fileRef = E2CA60022A47E9FF00FFBE01 /* ContentView.swift */; };
		E2CA60052A47EA0100FFBE01 /* Assets.xcassets in Resources */ = {isa = PBXBuildFile; fileRef = E2CA60042A47EA0100FFBE01 /* Assets.xcassets */; };
		E2CA60082A47EA0100FFBE01 /* Preview Assets.xcassets in Resources */ = {isa = PBXBuildFile; fileRef = E2CA60072A47EA0100FFBE01 /* Preview Assets.xcassets */; };
		E2CA60122A47EA0200FFBE01 /* OnlySelfFansTests.swift in Sources */ = {isa = PBXBuildFile; fileRef = E2CA60112A47EA0200FFBE01 /* OnlySelfFansTests.swift */; };
		E2CA601C2A47EA0200FFBE01 /* OnlySelfFansUITests.swift in Sources */ = {isa = PBXBuildFile; fileRef = E2CA601B2A47EA0200FFBE01 /* OnlySelfFansUITests.swift */; };
		E2CA601E2A47EA0200FFBE01 /* OnlySelfFansUITestsLaunchTests.swift in Sources */ = {isa = PBXBuildFile; fileRef = E2CA601D2A47EA0200FFBE01 /* OnlySelfFansUITestsLaunchTests.swift */; };
/* End PBXBuildFile section */

/* Begin PBXContainerItemProxy section */
		E2CA600E2A47EA0200FFBE01 /* PBXContainerItemProxy */ = {
			isa = PBXContainerItemProxy;
			containerPortal = E2CA5FF52A47E9FF00FFBE01 /* Project object */;
			proxyType = 1;
			remoteGlobalIDString = E2CA5FFC2A47E9FF00FFBE01;
			remoteInfo = OnlySelfFans;
		};
		E2CA60182A47EA0200FFBE01 /* PBXContainerItemProxy */ = {
			isa = PBXContainerItemProxy;
			containerPortal = E2CA5FF52A47E9FF00FFBE01 /* Project object */;
			proxyType = 1;
			remoteGlobalIDString = E2CA5FFC2A47E9FF00FFBE01;
			remoteInfo = OnlySelfFans;
		};
/* End PBXContainerItemProxy section */

/* Begin PBXFileReference section */
		E25192012A49674300BBE738 /* Models.swift */ = {isa = PBXFileReference; lastKnownFileType = sourcecode.swift; path = Models.swift; sourceTree = "<group>"; };
		E25192032A496A4C00BBE738 /* WelcomeView.swift */ = {isa = PBXFileReference; lastKnownFileType = sourcecode.swift; path = WelcomeView.swift; sourceTree = "<group>"; };
		E2CA5FFD2A47E9FF00FFBE01 /* OnlySelfFans.app */ = {isa = PBXFileReference; explicitFileType = wrapper.application; includeInIndex = 0; path = OnlySelfFans.app; sourceTree = BUILT_PRODUCTS_DIR; };
		E2CA60002A47E9FF00FFBE01 /* OnlySelfFansApp.swift */ = {isa = PBXFileReference; lastKnownFileType = sourcecode.swift; path = OnlySelfFansApp.swift; sourceTree = "<group>"; };
		E2CA60022A47E9FF00FFBE01 /* ContentView.swift */ = {isa = PBXFileReference; lastKnownFileType = sourcecode.swift; path = ContentView.swift; sourceTree = "<group>"; };
		E2CA60042A47EA0100FFBE01 /* Assets.xcassets */ = {isa = PBXFileReference; lastKnownFileType = folder.assetcatalog; path = Assets.xcassets; sourceTree = "<group>"; };
		E2CA60072A47EA0100FFBE01 /* Preview Assets.xcassets */ = {isa = PBXFileReference; lastKnownFileType = folder.assetcatalog; path = "Preview Assets.xcassets"; sourceTree = "<group>"; };
		E2CA600D2A47EA0200FFBE01 /* OnlySelfFansTests.xctest */ = {isa = PBXFileReference; explicitFileType = wrapper.cfbundle; includeInIndex = 0; path = OnlySelfFansTests.xctest; sourceTree = BUILT_PRODUCTS_DIR; };
		E2CA60112A47EA0200FFBE01 /* OnlySelfFansTests.swift */ = {isa = PBXFileReference; lastKnownFileType = sourcecode.swift; path = OnlySelfFansTests.swift; sourceTree = "<group>"; };
		E2CA60172A47EA0200FFBE01 /* OnlySelfFansUITests.xctest */ = {isa = PBXFileReference; explicitFileType = wrapper.cfbundle; includeInIndex = 0; path = OnlySelfFansUITests.xctest; sourceTree = BUILT_PRODUCTS_DIR; };
		E2CA601B2A47EA0200FFBE01 /* OnlySelfFansUITests.swift */ = {isa = PBXFileReference; lastKnownFileType = sourcecode.swift; path = OnlySelfFansUITests.swift; sourceTree = "<group>"; };
		E2CA601D2A47EA0200FFBE01 /* OnlySelfFansUITestsLaunchTests.swift */ = {isa = PBXFileReference; lastKnownFileType = sourcecode.swift; path = OnlySelfFansUITestsLaunchTests.swift; sourceTree = "<group>"; };
/* End PBXFileReference section */

/* Begin PBXFrameworksBuildPhase section */
		E2CA5FFA2A47E9FF00FFBE01 /* Frameworks */ = {
			isa = PBXFrameworksBuildPhase;
			buildActionMask = 2147483647;
			files = (
			);
			runOnlyForDeploymentPostprocessing = 0;
		};
		E2CA600A2A47EA0200FFBE01 /* Frameworks */ = {
			isa = PBXFrameworksBuildPhase;
			buildActionMask = 2147483647;
			files = (
			);
			runOnlyForDeploymentPostprocessing = 0;
		};
		E2CA60142A47EA0200FFBE01 /* Frameworks */ = {
			isa = PBXFrameworksBuildPhase;
			buildActionMask = 2147483647;
			files = (
			);
			runOnlyForDeploymentPostprocessing = 0;
		};
/* End PBXFrameworksBuildPhase section */

/* Begin PBXGroup section */
		E2CA5FF42A47E9FF00FFBE01 = {
			isa = PBXGroup;
			children = (
				E2CA5FFF2A47E9FF00FFBE01 /* OnlySelfFans */,
				E2CA60102A47EA0200FFBE01 /* OnlySelfFansTests */,
				E2CA601A2A47EA0200FFBE01 /* OnlySelfFansUITests */,
				E2CA5FFE2A47E9FF00FFBE01 /* Products */,
			);
			sourceTree = "<group>";
		};
		E2CA5FFE2A47E9FF00FFBE01 /* Products */ = {
			isa = PBXGroup;
			children = (
				E2CA5FFD2A47E9FF00FFBE01 /* OnlySelfFans.app */,
				E2CA600D2A47EA0200FFBE01 /* OnlySelfFansTests.xctest */,
				E2CA60172A47EA0200FFBE01 /* OnlySelfFansUITests.xctest */,
			);
			name = Products;
			sourceTree = "<group>";
		};
		E2CA5FFF2A47E9FF00FFBE01 /* OnlySelfFans */ = {
			isa = PBXGroup;
			children = (
				E2CA60002A47E9FF00FFBE01 /* OnlySelfFansApp.swift */,
				E2CA60022A47E9FF00FFBE01 /* ContentView.swift */,
				E25192032A496A4C00BBE738 /* WelcomeView.swift */,
				E25192012A49674300BBE738 /* Models.swift */,
				E2CA60042A47EA0100FFBE01 /* Assets.xcassets */,
				E2CA60062A47EA0100FFBE01 /* Preview Content */,
			);
			path = OnlySelfFans;
			sourceTree = "<group>";
		};
		E2CA60062A47EA0100FFBE01 /* Preview Content */ = {
			isa = PBXGroup;
			children = (
				E2CA60072A47EA0100FFBE01 /* Preview Assets.xcassets */,
			);
			path = "Preview Content";
			sourceTree = "<group>";
		};
		E2CA60102A47EA0200FFBE01 /* OnlySelfFansTests */ = {
			isa = PBXGroup;
			children = (
				E2CA60112A47EA0200FFBE01 /* OnlySelfFansTests.swift */,
			);
			path = OnlySelfFansTests;
			sourceTree = "<group>";
		};
		E2CA601A2A47EA0200FFBE01 /* OnlySelfFansUITests */ = {
			isa = PBXGroup;
			children = (
				E2CA601B2A47EA0200FFBE01 /* OnlySelfFansUITests.swift */,
				E2CA601D2A47EA0200FFBE01 /* OnlySelfFansUITestsLaunchTests.swift */,
			);
			path = OnlySelfFansUITests;
			sourceTree = "<group>";
		};
/* End PBXGroup section */

/* Begin PBXNativeTarget section */
		E2CA5FFC2A47E9FF00FFBE01 /* OnlySelfFans */ = {
			isa = PBXNativeTarget;
			buildConfigurationList = E2CA60212A47EA0200FFBE01 /* Build configuration list for PBXNativeTarget "OnlySelfFans" */;
			buildPhases = (
				E2CA5FF92A47E9FF00FFBE01 /* Sources */,
				E2CA5FFA2A47E9FF00FFBE01 /* Frameworks */,
				E2CA5FFB2A47E9FF00FFBE01 /* Resources */,
			);
			buildRules = (
			);
			dependencies = (
			);
			name = OnlySelfFans;
			productName = OnlySelfFans;
			productReference = E2CA5FFD2A47E9FF00FFBE01 /* OnlySelfFans.app */;
			productType = "com.apple.product-type.application";
		};
		E2CA600C2A47EA0200FFBE01 /* OnlySelfFansTests */ = {
			isa = PBXNativeTarget;
			buildConfigurationList = E2CA60242A47EA0200FFBE01 /* Build configuration list for PBXNativeTarget "OnlySelfFansTests" */;
			buildPhases = (
				E2CA60092A47EA0200FFBE01 /* Sources */,
				E2CA600A2A47EA0200FFBE01 /* Frameworks */,
				E2CA600B2A47EA0200FFBE01 /* Resources */,
			);
			buildRules = (
			);
			dependencies = (
				E2CA600F2A47EA0200FFBE01 /* PBXTargetDependency */,
			);
			name = OnlySelfFansTests;
			productName = OnlySelfFansTests;
			productReference = E2CA600D2A47EA0200FFBE01 /* OnlySelfFansTests.xctest */;
			productType = "com.apple.product-type.bundle.unit-test";
		};
		E2CA60162A47EA0200FFBE01 /* OnlySelfFansUITests */ = {
			isa = PBXNativeTarget;
			buildConfigurationList = E2CA60272A47EA0200FFBE01 /* Build configuration list for PBXNativeTarget "OnlySelfFansUITests" */;
			buildPhases = (
				E2CA60132A47EA0200FFBE01 /* Sources */,
				E2CA60142A47EA0200FFBE01 /* Frameworks */,
				E2CA60152A47EA0200FFBE01 /* Resources */,
			);
			buildRules = (
			);
			dependencies = (
				E2CA60192A47EA0200FFBE01 /* PBXTargetDependency */,
			);
			name = OnlySelfFansUITests;
			productName = OnlySelfFansUITests;
			productReference = E2CA60172A47EA0200FFBE01 /* OnlySelfFansUITests.xctest */;
			productType = "com.apple.product-type.bundle.ui-testing";
		};
/* End PBXNativeTarget section */

/* Begin PBXProject section */
		E2CA5FF52A47E9FF00FFBE01 /* Project object */ = {
			isa = PBXProject;
			attributes = {
				BuildIndependentTargetsInParallel = 1;
				LastSwiftUpdateCheck = 1430;
				LastUpgradeCheck = 1430;
				TargetAttributes = {
					E2CA5FFC2A47E9FF00FFBE01 = {
						CreatedOnToolsVersion = 14.3;
					};
					E2CA600C2A47EA0200FFBE01 = {
						CreatedOnToolsVersion = 14.3;
						TestTargetID = E2CA5FFC2A47E9FF00FFBE01;
					};
					E2CA60162A47EA0200FFBE01 = {
						CreatedOnToolsVersion = 14.3;
						TestTargetID = E2CA5FFC2A47E9FF00FFBE01;
					};
				};
			};
			buildConfigurationList = E2CA5FF82A47E9FF00FFBE01 /* Build configuration list for PBXProject "OnlySelfFans" */;
			compatibilityVersion = "Xcode 14.0";
			developmentRegion = en;
			hasScannedForEncodings = 0;
			knownRegions = (
				en,
				Base,
			);
			mainGroup = E2CA5FF42A47E9FF00FFBE01;
			productRefGroup = E2CA5FFE2A47E9FF00FFBE01 /* Products */;
			projectDirPath = "";
			projectRoot = "";
			targets = (
				E2CA5FFC2A47E9FF00FFBE01 /* OnlySelfFans */,
				E2CA600C2A47EA0200FFBE01 /* OnlySelfFansTests */,
				E2CA60162A47EA0200FFBE01 /* OnlySelfFansUITests */,
			);
		};
/* End PBXProject section */

/* Begin PBXResourcesBuildPhase section */
		E2CA5FFB2A47E9FF00FFBE01 /* Resources */ = {
			isa = PBXResourcesBuildPhase;
			buildActionMask = 2147483647;
			files = (
				E2CA60082A47EA0100FFBE01 /* Preview Assets.xcassets in Resources */,
				E2CA60052A47EA0100FFBE01 /* Assets.xcassets in Resources */,
			);
			runOnlyForDeploymentPostprocessing = 0;
		};
		E2CA600B2A47EA0200FFBE01 /* Resources */ = {
			isa = PBXResourcesBuildPhase;
			buildActionMask = 2147483647;
			files = (
			);
			runOnlyForDeploymentPostprocessing = 0;
		};
		E2CA60152A47EA0200FFBE01 /* Resources */ = {
			isa = PBXResourcesBuildPhase;
			buildActionMask = 2147483647;
			files = (
			);
			runOnlyForDeploymentPostprocessing = 0;
		};
/* End PBXResourcesBuildPhase section */

/* Begin PBXSourcesBuildPhase section */
		E2CA5FF92A47E9FF00FFBE01 /* Sources */ = {
			isa = PBXSourcesBuildPhase;
			buildActionMask = 2147483647;
			files = (
				E25192022A49674300BBE738 /* Models.swift in Sources */,
				E2CA60032A47E9FF00FFBE01 /* ContentView.swift in Sources */,
				E2CA60012A47E9FF00FFBE01 /* OnlySelfFansApp.swift in Sources */,
				E25192042A496A4C00BBE738 /* WelcomeView.swift in Sources */,
			);
			runOnlyForDeploymentPostprocessing = 0;
		};
		E2CA60092A47EA0200FFBE01 /* Sources */ = {
			isa = PBXSourcesBuildPhase;
			buildActionMask = 2147483647;
			files = (
				E2CA60122A47EA0200FFBE01 /* OnlySelfFansTests.swift in Sources */,
			);
			runOnlyForDeploymentPostprocessing = 0;
		};
		E2CA60132A47EA0200FFBE01 /* Sources */ = {
			isa = PBXSourcesBuildPhase;
			buildActionMask = 2147483647;
			files = (
				E2CA601E2A47EA0200FFBE01 /* OnlySelfFansUITestsLaunchTests.swift in Sources */,
				E2CA601C2A47EA0200FFBE01 /* OnlySelfFansUITests.swift in Sources */,
			);
			runOnlyForDeploymentPostprocessing = 0;
		};
/* End PBXSourcesBuildPhase section */

/* Begin PBXTargetDependency section */
		E2CA600F2A47EA0200FFBE01 /* PBXTargetDependency */ = {
			isa = PBXTargetDependency;
			target = E2CA5FFC2A47E9FF00FFBE01 /* OnlySelfFans */;
			targetProxy = E2CA600E2A47EA0200FFBE01 /* PBXContainerItemProxy */;
		};
		E2CA60192A47EA0200FFBE01 /* PBXTargetDependency */ = {
			isa = PBXTargetDependency;
			target = E2CA5FFC2A47E9FF00FFBE01 /* OnlySelfFans */;
			targetProxy = E2CA60182A47EA0200FFBE01 /* PBXContainerItemProxy */;
		};
/* End PBXTargetDependency section */

/* Begin XCBuildConfiguration section */
		E2CA601F2A47EA0200FFBE01 /* Debug */ = {
			isa = XCBuildConfiguration;
			buildSettings = {
				ALWAYS_SEARCH_USER_PATHS = NO;
				CLANG_ANALYZER_NONNULL = YES;
				CLANG_ANALYZER_NUMBER_OBJECT_CONVERSION = YES_AGGRESSIVE;
				CLANG_CXX_LANGUAGE_STANDARD = "gnu++20";
				CLANG_ENABLE_MODULES = YES;
				CLANG_ENABLE_OBJC_ARC = YES;
				CLANG_ENABLE_OBJC_WEAK = YES;
				CLANG_WARN_BLOCK_CAPTURE_AUTORELEASING = YES;
				CLANG_WARN_BOOL_CONVERSION = YES;
				CLANG_WARN_COMMA = YES;
				CLANG_WARN_CONSTANT_CONVERSION = YES;
				CLANG_WARN_DEPRECATED_OBJC_IMPLEMENTATIONS = YES;
				CLANG_WARN_DIRECT_OBJC_ISA_USAGE = YES_ERROR;
				CLANG_WARN_DOCUMENTATION_COMMENTS = YES;
				CLANG_WARN_EMPTY_BODY = YES;
				CLANG_WARN_ENUM_CONVERSION = YES;
				CLANG_WARN_INFINITE_RECURSION = YES;
				CLANG_WARN_INT_CONVERSION = YES;
				CLANG_WARN_NON_LITERAL_NULL_CONVERSION = YES;
				CLANG_WARN_OBJC_IMPLICIT_RETAIN_SELF = YES;
				CLANG_WARN_OBJC_LITERAL_CONVERSION = YES;
				CLANG_WARN_OBJC_ROOT_CLASS = YES_ERROR;
				CLANG_WARN_QUOTED_INCLUDE_IN_FRAMEWORK_HEADER = YES;
				CLANG_WARN_RANGE_LOOP_ANALYSIS = YES;
				CLANG_WARN_STRICT_PROTOTYPES = YES;
				CLANG_WARN_SUSPICIOUS_MOVE = YES;
				CLANG_WARN_UNGUARDED_AVAILABILITY = YES_AGGRESSIVE;
				CLANG_WARN_UNREACHABLE_CODE = YES;
				CLANG_WARN__DUPLICATE_METHOD_MATCH = YES;
				COPY_PHASE_STRIP = NO;
				DEBUG_INFORMATION_FORMAT = dwarf;
				ENABLE_STRICT_OBJC_MSGSEND = YES;
				ENABLE_TESTABILITY = YES;
				GCC_C_LANGUAGE_STANDARD = gnu11;
				GCC_DYNAMIC_NO_PIC = NO;
				GCC_NO_COMMON_BLOCKS = YES;
				GCC_OPTIMIZATION_LEVEL = 0;
				GCC_PREPROCESSOR_DEFINITIONS = (
					"DEBUG=1",
					"$(inherited)",
				);
				GCC_WARN_64_TO_32_BIT_CONVERSION = YES;
				GCC_WARN_ABOUT_RETURN_TYPE = YES_ERROR;
				GCC_WARN_UNDECLARED_SELECTOR = YES;
				GCC_WARN_UNINITIALIZED_AUTOS = YES_AGGRESSIVE;
				GCC_WARN_UNUSED_FUNCTION = YES;
				GCC_WARN_UNUSED_VARIABLE = YES;
				IPHONEOS_DEPLOYMENT_TARGET = 16.4;
				MTL_ENABLE_DEBUG_INFO = INCLUDE_SOURCE;
				MTL_FAST_MATH = YES;
				ONLY_ACTIVE_ARCH = YES;
				SDKROOT = iphoneos;
				SWIFT_ACTIVE_COMPILATION_CONDITIONS = DEBUG;
				SWIFT_OPTIMIZATION_LEVEL = "-Onone";
			};
			name = Debug;
		};
		E2CA60202A47EA0200FFBE01 /* Release */ = {
			isa = XCBuildConfiguration;
			buildSettings = {
				ALWAYS_SEARCH_USER_PATHS = NO;
				CLANG_ANALYZER_NONNULL = YES;
				CLANG_ANALYZER_NUMBER_OBJECT_CONVERSION = YES_AGGRESSIVE;
				CLANG_CXX_LANGUAGE_STANDARD = "gnu++20";
				CLANG_ENABLE_MODULES = YES;
				CLANG_ENABLE_OBJC_ARC = YES;
				CLANG_ENABLE_OBJC_WEAK = YES;
				CLANG_WARN_BLOCK_CAPTURE_AUTORELEASING = YES;
				CLANG_WARN_BOOL_CONVERSION = YES;
				CLANG_WARN_COMMA = YES;
				CLANG_WARN_CONSTANT_CONVERSION = YES;
				CLANG_WARN_DEPRECATED_OBJC_IMPLEMENTATIONS = YES;
				CLANG_WARN_DIRECT_OBJC_ISA_USAGE = YES_ERROR;
				CLANG_WARN_DOCUMENTATION_COMMENTS = YES;
				CLANG_WARN_EMPTY_BODY = YES;
				CLANG_WARN_ENUM_CONVERSION = YES;
				CLANG_WARN_INFINITE_RECURSION = YES;
				CLANG_WARN_INT_CONVERSION = YES;
				CLANG_WARN_NON_LITERAL_NULL_CONVERSION = YES;
				CLANG_WARN_OBJC_IMPLICIT_RETAIN_SELF = YES;
				CLANG_WARN_OBJC_LITERAL_CONVERSION = YES;
				CLANG_WARN_OBJC_ROOT_CLASS = YES_ERROR;
				CLANG_WARN_QUOTED_INCLUDE_IN_FRAMEWORK_HEADER = YES;
				CLANG_WARN_RANGE_LOOP_ANALYSIS = YES;
				CLANG_WARN_STRICT_PROTOTYPES = YES;
				CLANG_WARN_SUSPICIOUS_MOVE = YES;
				CLANG_WARN_UNGUARDED_AVAILABILITY = YES_AGGRESSIVE;
				CLANG_WARN_UNREACHABLE_CODE = YES;
				CLANG_WARN__DUPLICATE_METHOD_MATCH = YES;
				COPY_PHASE_STRIP = NO;
				DEBUG_INFORMATION_FORMAT = "dwarf-with-dsym";
				ENABLE_NS_ASSERTIONS = NO;
				ENABLE_STRICT_OBJC_MSGSEND = YES;
				GCC_C_LANGUAGE_STANDARD = gnu11;
				GCC_NO_COMMON_BLOCKS = YES;
				GCC_WARN_64_TO_32_BIT_CONVERSION = YES;
				GCC_WARN_ABOUT_RETURN_TYPE = YES_ERROR;
				GCC_WARN_UNDECLARED_SELECTOR = YES;
				GCC_WARN_UNINITIALIZED_AUTOS = YES_AGGRESSIVE;
				GCC_WARN_UNUSED_FUNCTION = YES;
				GCC_WARN_UNUSED_VARIABLE = YES;
				IPHONEOS_DEPLOYMENT_TARGET = 16.4;
				MTL_ENABLE_DEBUG_INFO = NO;
				MTL_FAST_MATH = YES;
				SDKROOT = iphoneos;
				SWIFT_COMPILATION_MODE = wholemodule;
				SWIFT_OPTIMIZATION_LEVEL = "-O";
				VALIDATE_PRODUCT = YES;
			};
			name = Release;
		};
		E2CA60222A47EA0200FFBE01 /* Debug */ = {
			isa = XCBuildConfiguration;
			buildSettings = {
				ASSETCATALOG_COMPILER_APPICON_NAME = AppIcon;
				ASSETCATALOG_COMPILER_GLOBAL_ACCENT_COLOR_NAME = AccentColor;
				CODE_SIGN_STYLE = Automatic;
				CURRENT_PROJECT_VERSION = 1;
				DEVELOPMENT_ASSET_PATHS = "\"OnlySelfFans/Preview Content\"";
				DEVELOPMENT_TEAM = 49JL8262M2;
				ENABLE_PREVIEWS = YES;
				GENERATE_INFOPLIST_FILE = YES;
				INFOPLIST_KEY_UIApplicationSceneManifest_Generation = YES;
				INFOPLIST_KEY_UIApplicationSupportsIndirectInputEvents = YES;
				INFOPLIST_KEY_UILaunchScreen_Generation = YES;
				INFOPLIST_KEY_UISupportedInterfaceOrientations_iPad = "UIInterfaceOrientationPortrait UIInterfaceOrientationPortraitUpsideDown UIInterfaceOrientationLandscapeLeft UIInterfaceOrientationLandscapeRight";
				INFOPLIST_KEY_UISupportedInterfaceOrientations_iPhone = "UIInterfaceOrientationPortrait UIInterfaceOrientationLandscapeLeft UIInterfaceOrientationLandscapeRight";
				LD_RUNPATH_SEARCH_PATHS = (
					"$(inherited)",
					"@executable_path/Frameworks",
				);
				MARKETING_VERSION = 1.0;
				PRODUCT_BUNDLE_IDENTIFIER = com.prakhartrivedi.OnlySelfFans;
				PRODUCT_NAME = "$(TARGET_NAME)";
				SWIFT_EMIT_LOC_STRINGS = YES;
				SWIFT_VERSION = 5.0;
				TARGETED_DEVICE_FAMILY = "1,2";
			};
			name = Debug;
		};
		E2CA60232A47EA0200FFBE01 /* Release */ = {
			isa = XCBuildConfiguration;
			buildSettings = {
				ASSETCATALOG_COMPILER_APPICON_NAME = AppIcon;
				ASSETCATALOG_COMPILER_GLOBAL_ACCENT_COLOR_NAME = AccentColor;
				CODE_SIGN_STYLE = Automatic;
				CURRENT_PROJECT_VERSION = 1;
				DEVELOPMENT_ASSET_PATHS = "\"OnlySelfFans/Preview Content\"";
				DEVELOPMENT_TEAM = 49JL8262M2;
				ENABLE_PREVIEWS = YES;
				GENERATE_INFOPLIST_FILE = YES;
				INFOPLIST_KEY_UIApplicationSceneManifest_Generation = YES;
				INFOPLIST_KEY_UIApplicationSupportsIndirectInputEvents = YES;
				INFOPLIST_KEY_UILaunchScreen_Generation = YES;
				INFOPLIST_KEY_UISupportedInterfaceOrientations_iPad = "UIInterfaceOrientationPortrait UIInterfaceOrientationPortraitUpsideDown UIInterfaceOrientationLandscapeLeft UIInterfaceOrientationLandscapeRight";
				INFOPLIST_KEY_UISupportedInterfaceOrientations_iPhone = "UIInterfaceOrientationPortrait UIInterfaceOrientationLandscapeLeft UIInterfaceOrientationLandscapeRight";
				LD_RUNPATH_SEARCH_PATHS = (
					"$(inherited)",
					"@executable_path/Frameworks",
				);
				MARKETING_VERSION = 1.0;
				PRODUCT_BUNDLE_IDENTIFIER = com.prakhartrivedi.OnlySelfFans;
				PRODUCT_NAME = "$(TARGET_NAME)";
				SWIFT_EMIT_LOC_STRINGS = YES;
				SWIFT_VERSION = 5.0;
				TARGETED_DEVICE_FAMILY = "1,2";
			};
			name = Release;
		};
		E2CA60252A47EA0200FFBE01 /* Debug */ = {
			isa = XCBuildConfiguration;
			buildSettings = {
				ALWAYS_EMBED_SWIFT_STANDARD_LIBRARIES = YES;
				BUNDLE_LOADER = "$(TEST_HOST)";
				CODE_SIGN_STYLE = Automatic;
				CURRENT_PROJECT_VERSION = 1;
				DEVELOPMENT_TEAM = 49JL8262M2;
				GENERATE_INFOPLIST_FILE = YES;
				IPHONEOS_DEPLOYMENT_TARGET = 16.4;
				MARKETING_VERSION = 1.0;
				PRODUCT_BUNDLE_IDENTIFIER = com.prakhartrivedi.OnlySelfFansTests;
				PRODUCT_NAME = "$(TARGET_NAME)";
				SWIFT_EMIT_LOC_STRINGS = NO;
				SWIFT_VERSION = 5.0;
				TARGETED_DEVICE_FAMILY = "1,2";
				TEST_HOST = "$(BUILT_PRODUCTS_DIR)/OnlySelfFans.app/$(BUNDLE_EXECUTABLE_FOLDER_PATH)/OnlySelfFans";
			};
			name = Debug;
		};
		E2CA60262A47EA0200FFBE01 /* Release */ = {
			isa = XCBuildConfiguration;
			buildSettings = {
				ALWAYS_EMBED_SWIFT_STANDARD_LIBRARIES = YES;
				BUNDLE_LOADER = "$(TEST_HOST)";
				CODE_SIGN_STYLE = Automatic;
				CURRENT_PROJECT_VERSION = 1;
				DEVELOPMENT_TEAM = 49JL8262M2;
				GENERATE_INFOPLIST_FILE = YES;
				IPHONEOS_DEPLOYMENT_TARGET = 16.4;
				MARKETING_VERSION = 1.0;
				PRODUCT_BUNDLE_IDENTIFIER = com.prakhartrivedi.OnlySelfFansTests;
				PRODUCT_NAME = "$(TARGET_NAME)";
				SWIFT_EMIT_LOC_STRINGS = NO;
				SWIFT_VERSION = 5.0;
				TARGETED_DEVICE_FAMILY = "1,2";
				TEST_HOST = "$(BUILT_PRODUCTS_DIR)/OnlySelfFans.app/$(BUNDLE_EXECUTABLE_FOLDER_PATH)/OnlySelfFans";
			};
			name = Release;
		};
		E2CA60282A47EA0200FFBE01 /* Debug */ = {
			isa = XCBuildConfiguration;
			buildSettings = {
				ALWAYS_EMBED_SWIFT_STANDARD_LIBRARIES = YES;
				CODE_SIGN_STYLE = Automatic;
				CURRENT_PROJECT_VERSION = 1;
				DEVELOPMENT_TEAM = 49JL8262M2;
				GENERATE_INFOPLIST_FILE = YES;
				MARKETING_VERSION = 1.0;
				PRODUCT_BUNDLE_IDENTIFIER = com.prakhartrivedi.OnlySelfFansUITests;
				PRODUCT_NAME = "$(TARGET_NAME)";
				SWIFT_EMIT_LOC_STRINGS = NO;
				SWIFT_VERSION = 5.0;
				TARGETED_DEVICE_FAMILY = "1,2";
				TEST_TARGET_NAME = OnlySelfFans;
			};
			name = Debug;
		};
		E2CA60292A47EA0200FFBE01 /* Release */ = {
			isa = XCBuildConfiguration;
			buildSettings = {
				ALWAYS_EMBED_SWIFT_STANDARD_LIBRARIES = YES;
				CODE_SIGN_STYLE = Automatic;
				CURRENT_PROJECT_VERSION = 1;
				DEVELOPMENT_TEAM = 49JL8262M2;
				GENERATE_INFOPLIST_FILE = YES;
				MARKETING_VERSION = 1.0;
				PRODUCT_BUNDLE_IDENTIFIER = com.prakhartrivedi.OnlySelfFansUITests;
				PRODUCT_NAME = "$(TARGET_NAME)";
				SWIFT_EMIT_LOC_STRINGS = NO;
				SWIFT_VERSION = 5.0;
				TARGETED_DEVICE_FAMILY = "1,2";
				TEST_TARGET_NAME = OnlySelfFans;
			};
			name = Release;
		};
/* End XCBuildConfiguration section */

/* Begin XCConfigurationList section */
		E2CA5FF82A47E9FF00FFBE01 /* Build configuration list for PBXProject "OnlySelfFans" */ = {
			isa = XCConfigurationList;
			buildConfigurations = (
				E2CA601F2A47EA0200FFBE01 /* Debug */,
				E2CA60202A47EA0200FFBE01 /* Release */,
			);
			defaultConfigurationIsVisible = 0;
			defaultConfigurationName = Release;
		};
		E2CA60212A47EA0200FFBE01 /* Build configuration list for PBXNativeTarget "OnlySelfFans" */ = {
			isa = XCConfigurationList;
			buildConfigurations = (
				E2CA60222A47EA0200FFBE01 /* Debug */,
				E2CA60232A47EA0200FFBE01 /* Release */,
			);
			defaultConfigurationIsVisible = 0;
			defaultConfigurationName = Release;
		};
		E2CA60242A47EA0200FFBE01 /* Build configuration list for PBXNativeTarget "OnlySelfFansTests" */ = {
			isa = XCConfigurationList;
			buildConfigurations = (
				E2CA60252A47EA0200FFBE01 /* Debug */,
				E2CA60262A47EA0200FFBE01 /* Release */,
			);
			defaultConfigurationIsVisible = 0;
			defaultConfigurationName = Release;
		};
		E2CA60272A47EA0200FFBE01 /* Build configuration list for PBXNativeTarget "OnlySelfFansUITests" */ = {
			isa = XCConfigurationList;
			buildConfigurations = (
				E2CA60282A47EA0200FFBE01 /* Debug */,
				E2CA60292A47EA0200FFBE01 /* Release */,
			);
			defaultConfigurationIsVisible = 0;
			defaultConfigurationName = Release;
		};
/* End XCConfigurationList section */
	};
	rootObject = E2CA5FF52A47E9FF00FFBE01 /* Project object */;
}
